
Microsoft Visual Studio Solution File, Format Version 12.00
# Visual Studio 2013
VisualStudioVersion = 12.0.21005.1
MinimumVisualStudioVersion = 10.0.40219.1
Project("{FAE04EC0-301F-11D3-BF4B-00C04F79EFBC}") = "01.Point3D", "01.Point3D\01.Point3D.csproj", "{BEC63B21-21A3-4168-A41C-F4976F8709F4}"
EndProject
Project("{FAE04EC0-301F-11D3-BF4B-00C04F79EFBC}") = "02.DistanceCalculator", "DistanceCalculator\02.DistanceCalculator.csproj", "{C2C3F3AD-9626-4AB4-88B2-F155F4FCD309}"
EndProject
Project("{FAE04EC0-301F-11D3-BF4B-00C04F79EFBC}") = "Geometry", "Geometry\Geometry.csproj", "{CE0B7C30-7FB4-45A5-A71A-E568EFA253F1}"
EndProject
Global
	GlobalSection(SolutionConfigurationPlatforms) = preSolution
		Debug|Any CPU = Debug|Any CPU
		Release|Any CPU = Release|Any CPU
	EndGlobalSection
	GlobalSection(ProjectConfigurationPlatforms) = postSolution
		{BEC63B21-21A3-4168-A41C-F4976F8709F4}.Debug|Any CPU.ActiveCfg = Debug|Any CPU
		{BEC63B21-21A3-4168-A41C-F4976F8709F4}.Debug|Any CPU.Build.0 = Debug|Any CPU
		{BEC63B21-21A3-4168-A41C-F4976F8709F4}.Release|Any CPU.ActiveCfg = Release|Any CPU
		{BEC63B21-21A3-4168-A41C-F4976F8709F4}.Release|Any CPU.Build.0 = Release|Any CPU
		{C2C3F3AD-9626-4AB4-88B2-F155F4FCD309}.Debug|Any CPU.ActiveCfg = Debug|Any CPU
		{C2C3F3AD-9626-4AB4-88B2-F155F4FCD309}.Debug|Any CPU.Build.0 = Debug|Any CPU
		{C2C3F3AD-9626-4AB4-88B2-F155F4FCD309}.Release|Any CPU.ActiveCfg = Release|Any CPU
		{C2C3F3AD-9626-4AB4-88B2-F155F4FCD309}.Release|Any CPU.Build.0 = Release|Any CPU
		{CE0B7C30-7FB4-45A5-A71A-E568EFA253F1}.Debug|Any CPU.ActiveCfg = Debug|Any CPU
		{CE0B7C30-7FB4-45A5-A71A-E568EFA253F1}.Debug|Any CPU.Build.0 = Debug|Any CPU
		{CE0B7C30-7FB4-45A5-A71A-E568EFA253F1}.Release|Any CPU.ActiveCfg = Release|Any CPU
		{CE0B7C30-7FB4-45A5-A71A-E568EFA253F1}.Release|Any CPU.Build.0 = Release|Any CPU
	EndGlobalSection
	GlobalSection(SolutionProperties) = preSolution
		HideSolutionNode = FALSE
	EndGlobalSection
EndGlobal
